Microsoft Visual Studio Solution File, Format Version 12.00
# Visual Studio Version 17
VisualStudioVersion = 17.5.2.0
MinimumVisualStudioVersion = 10.0.40219.1
Project("{FAE04EC0-301F-11D3-BF4B-00C04F79EFBC}") = "AprendizajeSoftware", "AprendizajeSoftware.csproj", "{EC9F498D-136A-BC7F-3475-53D5145B10CD}"
EndProject
Global
	GlobalSection(SolutionConfigurationPlatforms) = preSolution
		Debug|Any CPU = Debug|Any CPU
		Release|Any CPU = Release|Any CPU
	EndGlobalSection
	GlobalSection(ProjectConfigurationPlatforms) = postSolution
		{EC9F498D-136A-BC7F-3475-53D5145B10CD}.Debug|Any CPU.ActiveCfg = Debug|Any CPU
		{EC9F498D-136A-BC7F-3475-53D5145B10CD}.Debug|Any CPU.Build.0 = Debug|Any CPU
		{EC9F498D-136A-BC7F-3475-53D5145B10CD}.Release|Any CPU.ActiveCfg = Release|Any CPU
		{EC9F498D-136A-BC7F-3475-53D5145B10CD}.Release|Any CPU.Build.0 = Release|Any CPU
	EndGlobalSection
	GlobalSection(SolutionProperties) = preSolution
		HideSolutionNode = FALSE
	EndGlobalSection
	GlobalSection(ExtensibilityGlobals) = postSolution
		SolutionGuid = {09F0B678-81E0-4EAB-9823-25A5F816F577}
	EndGlobalSection
EndGlobal
